
Microsoft Visual Studio Solution File, Format Version 12.00
# Visual Studio Version 16
VisualStudioVersion = 16.0.30611.23
MinimumVisualStudioVersion = 10.0.40219.1
Project("{FAE04EC0-301F-11D3-BF4B-00C04F79EFBC}") = "OdeToFood", "OdeToFood.csproj", "{F2369AE0-AAA2-486D-8551-80D3E578601C}"
EndProject
Project("{FAE04EC0-301F-11D3-BF4B-00C04F79EFBC}") = "OdeToFood.core", "OdeToFood.core\OdeToFood.core.csproj", "{F671E4CD-D3AF-46DA-BF17-ED73091F395A}"
EndProject
Project("{FAE04EC0-301F-11D3-BF4B-00C04F79EFBC}") = "OdeToFood.Data", "OdeToFood.Data\OdeToFood.Data.csproj", "{1CE1F928-F4BC-47B8-AA85-2A9E41D95529}"
EndProject
Global
	GlobalSection(SolutionConfigurationPlatforms) = preSolution
		Debug|Any CPU = Debug|Any CPU
		Release|Any CPU = Release|Any CPU
	EndGlobalSection
	GlobalSection(ProjectConfigurationPlatforms) = postSolution
		{F2369AE0-AAA2-486D-8551-80D3E578601C}.Debug|Any CPU.ActiveCfg = Debug|Any CPU
		{F2369AE0-AAA2-486D-8551-80D3E578601C}.Debug|Any CPU.Build.0 = Debug|Any CPU
		{F2369AE0-AAA2-486D-8551-80D3E578601C}.Release|Any CPU.ActiveCfg = Release|Any CPU
		{F2369AE0-AAA2-486D-8551-80D3E578601C}.Release|Any CPU.Build.0 = Release|Any CPU
		{F671E4CD-D3AF-46DA-BF17-ED73091F395A}.Debug|Any CPU.ActiveCfg = Debug|Any CPU
		{F671E4CD-D3AF-46DA-BF17-ED73091F395A}.Debug|Any CPU.Build.0 = Debug|Any CPU
		{F671E4CD-D3AF-46DA-BF17-ED73091F395A}.Release|Any CPU.ActiveCfg = Release|Any CPU
		{F671E4CD-D3AF-46DA-BF17-ED73091F395A}.Release|Any CPU.Build.0 = Release|Any CPU
		{1CE1F928-F4BC-47B8-AA85-2A9E41D95529}.Debug|Any CPU.ActiveCfg = Debug|Any CPU
		{1CE1F928-F4BC-47B8-AA85-2A9E41D95529}.Debug|Any CPU.Build.0 = Debug|Any CPU
		{1CE1F928-F4BC-47B8-AA85-2A9E41D95529}.Release|Any CPU.ActiveCfg = Release|Any CPU
		{1CE1F928-F4BC-47B8-AA85-2A9E41D95529}.Release|Any CPU.Build.0 = Release|Any CPU
	EndGlobalSection
	GlobalSection(SolutionProperties) = preSolution
		HideSolutionNode = FALSE
	EndGlobalSection
	GlobalSection(ExtensibilityGlobals) = postSolution
		SolutionGuid = {BC48B712-5291-43F0-93DA-421E06FF7ED6}
	EndGlobalSection
EndGlobal
